
Microsoft Visual Studio Solution File, Format Version 10.00
# Visual C++ Express 2008
Project("{8BC9CEB8-8B4A-11D0-8D11-00A0C91BC942}") = "libaprilui", "libaprilui.vcproj", "{72D6EAF0-BC83-47BE-89AA-663C8B3CEF46}"
EndProject
Global
	GlobalSection(SolutionConfigurationPlatforms) = preSolution
		win32_Debug|Win32 = win32_Debug|Win32
		win32_Release|Win32 = win32_Release|Win32
	EndGlobalSection
	GlobalSection(ProjectConfigurationPlatforms) = postSolution
		{72D6EAF0-BC83-47BE-89AA-663C8B3CEF46}.win32_Debug|Win32.ActiveCfg = win32_Debug|Win32
		{72D6EAF0-BC83-47BE-89AA-663C8B3CEF46}.win32_Debug|Win32.Build.0 = win32_Debug|Win32
		{72D6EAF0-BC83-47BE-89AA-663C8B3CEF46}.win32_Release|Win32.ActiveCfg = win32_Release|Win32
		{72D6EAF0-BC83-47BE-89AA-663C8B3CEF46}.win32_Release|Win32.Build.0 = win32_Release|Win32
	EndGlobalSection
	GlobalSection(SolutionProperties) = preSolution
		HideSolutionNode = FALSE
	EndGlobalSection
EndGlobal
