// !$*UTF8*$!
{
	archiveVersion = 1;
	classes = {
	};
	objectVersion = 45;
	objects = {

/* Begin PBXBuildFile section */
		7F1B523F12E4716B00E958D8 /* ObjectContainer.cpp in Sources */ = {isa = PBXBuildFile; fileRef = 7F1B523E12E4716B00E958D8 /* ObjectContainer.cpp */; };
		7F1B524412E4717500E958D8 /* AnimatorBlueChanger.cpp in Sources */ = {isa = PBXBuildFile; fileRef = 7F1B524112E4717500E958D8 /* AnimatorBlueChanger.cpp */; };
		7F1B524512E4717500E958D8 /* AnimatorGreenChanger.cpp in Sources */ = {isa = PBXBuildFile; fileRef = 7F1B524212E4717500E958D8 /* AnimatorGreenChanger.cpp */; };
		7F1B524612E4717500E958D8 /* AnimatorRedChanger.cpp in Sources */ = {isa = PBXBuildFile; fileRef = 7F1B524312E4717500E958D8 /* AnimatorRedChanger.cpp */; };
		7F1B524812E4719E00E958D8 /* aprilui.cpp in Sources */ = {isa = PBXBuildFile; fileRef = 7F1B524712E4719E00E958D8 /* aprilui.cpp */; };
		7F1B524F12E471B800E958D8 /* apriluiExport.h in Headers */ = {isa = PBXBuildFile; fileRef = 7F1B524912E471B800E958D8 /* apriluiExport.h */; settings = {ATTRIBUTES = (Public, ); }; };
		7F1B525012E471B800E958D8 /* AnimatorBlueChanger.h in Headers */ = {isa = PBXBuildFile; fileRef = 7F1B524A12E471B800E958D8 /* AnimatorBlueChanger.h */; settings = {ATTRIBUTES = (Public, ); }; };
		7F1B525112E471B800E958D8 /* AnimatorGreenChanger.h in Headers */ = {isa = PBXBuildFile; fileRef = 7F1B524B12E471B800E958D8 /* AnimatorGreenChanger.h */; settings = {ATTRIBUTES = (Public, ); }; };
		7F1B525212E471B800E958D8 /* AnimatorRedChanger.h in Headers */ = {isa = PBXBuildFile; fileRef = 7F1B524C12E471B800E958D8 /* AnimatorRedChanger.h */; settings = {ATTRIBUTES = (Public, ); }; };
		7F1B525312E471B800E958D8 /* aprilui.h in Headers */ = {isa = PBXBuildFile; fileRef = 7F1B524D12E471B800E958D8 /* aprilui.h */; settings = {ATTRIBUTES = (Public, ); }; };
		7F1B525412E471B800E958D8 /* ObjectContainer.h in Headers */ = {isa = PBXBuildFile; fileRef = 7F1B524E12E471B800E958D8 /* ObjectContainer.h */; settings = {ATTRIBUTES = (Public, ); }; };
		7F33B200120FE16F004B5E89 /* Animator.cpp in Sources */ = {isa = PBXBuildFile; fileRef = 7F33B1FF120FE16F004B5E89 /* Animator.cpp */; };
		7F33B208120FE2D5004B5E89 /* Animator.h in Headers */ = {isa = PBXBuildFile; fileRef = 7F33B207120FE2D5004B5E89 /* Animator.h */; settings = {ATTRIBUTES = (Public, ); }; };
		7F38C6A512096793002B5134 /* AnimatorFrameAnimation.h in Headers */ = {isa = PBXBuildFile; fileRef = 7F38C68B12096793002B5134 /* AnimatorFrameAnimation.h */; settings = {ATTRIBUTES = (Public, ); }; };
		7F38C6A712096793002B5134 /* AnimatorRotator.h in Headers */ = {isa = PBXBuildFile; fileRef = 7F38C68D12096793002B5134 /* AnimatorRotator.h */; settings = {ATTRIBUTES = (Public, ); }; };
		7F38C6A912096793002B5134 /* ObjectCallbackObject.h in Headers */ = {isa = PBXBuildFile; fileRef = 7F38C68F12096793002B5134 /* ObjectCallbackObject.h */; settings = {ATTRIBUTES = (Public, ); }; };
		7F38C6AB12096793002B5134 /* ObjectColoredQuad.h in Headers */ = {isa = PBXBuildFile; fileRef = 7F38C69112096793002B5134 /* ObjectColoredQuad.h */; settings = {ATTRIBUTES = (Public, ); }; };
		7F38C6AD12096793002B5134 /* ObjectEditBox.h in Headers */ = {isa = PBXBuildFile; fileRef = 7F38C69312096793002B5134 /* ObjectEditBox.h */; settings = {ATTRIBUTES = (Public, ); }; };
		7F38C6AE12096793002B5134 /* ObjectImageBox.h in Headers */ = {isa = PBXBuildFile; fileRef = 7F38C69412096793002B5134 /* ObjectImageBox.h */; settings = {ATTRIBUTES = (Public, ); }; };
		7F38C6AF12096793002B5134 /* ObjectImageButton.h in Headers */ = {isa = PBXBuildFile; fileRef = 7F38C69512096793002B5134 /* ObjectImageButton.h */; settings = {ATTRIBUTES = (Public, ); }; };
		7F38C6B012096793002B5134 /* ObjectLabel.h in Headers */ = {isa = PBXBuildFile; fileRef = 7F38C69612096793002B5134 /* ObjectLabel.h */; settings = {ATTRIBUTES = (Public, ); }; };
		7F38C6B112096793002B5134 /* ObjectLabelBase.h in Headers */ = {isa = PBXBuildFile; fileRef = 7F38C69712096793002B5134 /* ObjectLabelBase.h */; settings = {ATTRIBUTES = (Public, ); }; };
		7F38C6B512096793002B5134 /* ObjectSlider.h in Headers */ = {isa = PBXBuildFile; fileRef = 7F38C69B12096793002B5134 /* ObjectSlider.h */; settings = {ATTRIBUTES = (Public, ); }; };
		7F38C6B612096793002B5134 /* ObjectTextButton.h in Headers */ = {isa = PBXBuildFile; fileRef = 7F38C69C12096793002B5134 /* ObjectTextButton.h */; settings = {ATTRIBUTES = (Public, ); }; };
		7F38C6B712096793002B5134 /* ObjectTextImageButton.h in Headers */ = {isa = PBXBuildFile; fileRef = 7F38C69D12096793002B5134 /* ObjectTextImageButton.h */; settings = {ATTRIBUTES = (Public, ); }; };
		7F38C6B812096793002B5134 /* ObjectToggleButton.h in Headers */ = {isa = PBXBuildFile; fileRef = 7F38C69E12096793002B5134 /* ObjectToggleButton.h */; settings = {ATTRIBUTES = (Public, ); }; };
		7F38C6C9120967B9002B5134 /* ObjectCallbackObject.cpp in Sources */ = {isa = PBXBuildFile; fileRef = 7F38C6B9120967B9002B5134 /* ObjectCallbackObject.cpp */; };
		7F38C6CB120967B9002B5134 /* ObjectColoredQuad.cpp in Sources */ = {isa = PBXBuildFile; fileRef = 7F38C6BB120967B9002B5134 /* ObjectColoredQuad.cpp */; };
		7F38C6CD120967B9002B5134 /* ObjectEditBox.cpp in Sources */ = {isa = PBXBuildFile; fileRef = 7F38C6BD120967B9002B5134 /* ObjectEditBox.cpp */; };
		7F38C6CE120967B9002B5134 /* ObjectImageBox.cpp in Sources */ = {isa = PBXBuildFile; fileRef = 7F38C6BE120967B9002B5134 /* ObjectImageBox.cpp */; };
		7F38C6CF120967B9002B5134 /* ObjectImageButton.cpp in Sources */ = {isa = PBXBuildFile; fileRef = 7F38C6BF120967B9002B5134 /* ObjectImageButton.cpp */; };
		7F38C6D0120967B9002B5134 /* ObjectLabel.cpp in Sources */ = {isa = PBXBuildFile; fileRef = 7F38C6C0120967B9002B5134 /* ObjectLabel.cpp */; };
		7F38C6D1120967B9002B5134 /* ObjectLabelBase.cpp in Sources */ = {isa = PBXBuildFile; fileRef = 7F38C6C1120967B9002B5134 /* ObjectLabelBase.cpp */; };
		7F38C6D5120967B9002B5134 /* ObjectSlider.cpp in Sources */ = {isa = PBXBuildFile; fileRef = 7F38C6C5120967B9002B5134 /* ObjectSlider.cpp */; };
		7F38C6D6120967B9002B5134 /* ObjectTextButton.cpp in Sources */ = {isa = PBXBuildFile; fileRef = 7F38C6C6120967B9002B5134 /* ObjectTextButton.cpp */; };
		7F38C6D7120967B9002B5134 /* ObjectTextImageButton.cpp in Sources */ = {isa = PBXBuildFile; fileRef = 7F38C6C7120967B9002B5134 /* ObjectTextImageButton.cpp */; };
		7F38C6D8120967B9002B5134 /* ObjectToggleButton.cpp in Sources */ = {isa = PBXBuildFile; fileRef = 7F38C6C8120967B9002B5134 /* ObjectToggleButton.cpp */; };
		7F38C728120967CC002B5134 /* AnimatorFrameAnimation.cpp in Sources */ = {isa = PBXBuildFile; fileRef = 7F38C71E120967CC002B5134 /* AnimatorFrameAnimation.cpp */; };
		7F38C72A120967CC002B5134 /* AnimatorRotator.cpp in Sources */ = {isa = PBXBuildFile; fileRef = 7F38C720120967CC002B5134 /* AnimatorRotator.cpp */; };
		7F7A4A95129D217700E0ED12 /* TiledImage.h in Headers */ = {isa = PBXBuildFile; fileRef = 7F7A4A8E129D217700E0ED12 /* TiledImage.h */; settings = {ATTRIBUTES = (Public, ); }; };
		7F7A4A96129D217700E0ED12 /* NullImage.h in Headers */ = {isa = PBXBuildFile; fileRef = 7F7A4A8F129D217700E0ED12 /* NullImage.h */; settings = {ATTRIBUTES = (Public, ); }; };
		7F7A4A97129D217700E0ED12 /* Images.h in Headers */ = {isa = PBXBuildFile; fileRef = 7F7A4A90129D217700E0ED12 /* Images.h */; settings = {ATTRIBUTES = (Public, ); }; };
		7F7A4A98129D217700E0ED12 /* CompositeImage.h in Headers */ = {isa = PBXBuildFile; fileRef = 7F7A4A91129D217700E0ED12 /* CompositeImage.h */; settings = {ATTRIBUTES = (Public, ); }; };
		7F7A4A99129D217700E0ED12 /* ColorImage.h in Headers */ = {isa = PBXBuildFile; fileRef = 7F7A4A92129D217700E0ED12 /* ColorImage.h */; settings = {ATTRIBUTES = (Public, ); }; };
		7F7A4A9A129D217700E0ED12 /* ColoredImage.h in Headers */ = {isa = PBXBuildFile; fileRef = 7F7A4A93129D217700E0ED12 /* ColoredImage.h */; settings = {ATTRIBUTES = (Public, ); }; };
		7F7A4AA5129D21A300E0ED12 /* ColoredImage.cpp in Sources */ = {isa = PBXBuildFile; fileRef = 7F7A4A9F129D21A300E0ED12 /* ColoredImage.cpp */; };
		7F7A4AA6129D21A300E0ED12 /* ColorImage.cpp in Sources */ = {isa = PBXBuildFile; fileRef = 7F7A4AA0129D21A300E0ED12 /* ColorImage.cpp */; };
		7F7A4AA7129D21A300E0ED12 /* CompositeImage.cpp in Sources */ = {isa = PBXBuildFile; fileRef = 7F7A4AA1129D21A300E0ED12 /* CompositeImage.cpp */; };
		7F7A4AA8129D21A300E0ED12 /* Image.cpp in Sources */ = {isa = PBXBuildFile; fileRef = 7F7A4AA2129D21A300E0ED12 /* Image.cpp */; };
		7F7A4AA9129D21A300E0ED12 /* NullImage.cpp in Sources */ = {isa = PBXBuildFile; fileRef = 7F7A4AA3129D21A300E0ED12 /* NullImage.cpp */; };
		7F7A4AAA129D21A300E0ED12 /* TiledImage.cpp in Sources */ = {isa = PBXBuildFile; fileRef = 7F7A4AA4129D21A300E0ED12 /* TiledImage.cpp */; };
		7F7A4AAC129D21BD00E0ED12 /* EventArgs.cpp in Sources */ = {isa = PBXBuildFile; fileRef = 7F7A4AAB129D21BD00E0ED12 /* EventArgs.cpp */; };
		7FA3013312B647A000F71E5E /* AnimatorAlphaChanger.cpp in Sources */ = {isa = PBXBuildFile; fileRef = 7FA3012D12B647A000F71E5E /* AnimatorAlphaChanger.cpp */; };
		7FA3013512B647A000F71E5E /* AnimatorMoverX.cpp in Sources */ = {isa = PBXBuildFile; fileRef = 7FA3012F12B647A000F71E5E /* AnimatorMoverX.cpp */; };
		7FA3013612B647A000F71E5E /* AnimatorMoverY.cpp in Sources */ = {isa = PBXBuildFile; fileRef = 7FA3013012B647A000F71E5E /* AnimatorMoverY.cpp */; };
		7FA3013A12B647AF00F71E5E /* ObjectButtonBase.cpp in Sources */ = {isa = PBXBuildFile; fileRef = 7FA3013912B647AF00F71E5E /* ObjectButtonBase.cpp */; };
		7FA3014612B647E200F71E5E /* AnimatorAlphaChanger.h in Headers */ = {isa = PBXBuildFile; fileRef = 7FA3013F12B647E200F71E5E /* AnimatorAlphaChanger.h */; settings = {ATTRIBUTES = (Public, ); }; };
		7FA3014812B647E200F71E5E /* AnimatorMoverX.h in Headers */ = {isa = PBXBuildFile; fileRef = 7FA3014112B647E200F71E5E /* AnimatorMoverX.h */; settings = {ATTRIBUTES = (Public, ); }; };
		7FA3014912B647E200F71E5E /* AnimatorMoverY.h in Headers */ = {isa = PBXBuildFile; fileRef = 7FA3014212B647E200F71E5E /* AnimatorMoverY.h */; settings = {ATTRIBUTES = (Public, ); }; };
		7FA3014C12B647E200F71E5E /* ObjectButtonBase.h in Headers */ = {isa = PBXBuildFile; fileRef = 7FA3014512B647E200F71E5E /* ObjectButtonBase.h */; settings = {ATTRIBUTES = (Public, ); }; };
		7FB0C7AF120AE107005EA739 /* Object.cpp in Sources */ = {isa = PBXBuildFile; fileRef = 7FB0C7AE120AE107005EA739 /* Object.cpp */; };
		7FB0C7B1120AE117005EA739 /* Object.h in Headers */ = {isa = PBXBuildFile; fileRef = 7FB0C7B0120AE117005EA739 /* Object.h */; settings = {ATTRIBUTES = (Public, ); }; };
		7FC8041E11EC721E00851062 /* Animators.h in Headers */ = {isa = PBXBuildFile; fileRef = 7FC8041511EC721E00851062 /* Animators.h */; settings = {ATTRIBUTES = (Public, ); }; };
		7FC8042111EC721E00851062 /* Dataset.h in Headers */ = {isa = PBXBuildFile; fileRef = 7FC8041811EC721E00851062 /* Dataset.h */; settings = {ATTRIBUTES = (Public, ); }; };
		7FC8042211EC721E00851062 /* Exception.h in Headers */ = {isa = PBXBuildFile; fileRef = 7FC8041911EC721E00851062 /* Exception.h */; settings = {ATTRIBUTES = (Public, ); }; };
		7FC8042311EC721E00851062 /* Image.h in Headers */ = {isa = PBXBuildFile; fileRef = 7FC8041A11EC721E00851062 /* Image.h */; settings = {ATTRIBUTES = (Public, ); }; };
		7FC8042411EC721E00851062 /* Objects.h in Headers */ = {isa = PBXBuildFile; fileRef = 7FC8041B11EC721E00851062 /* Objects.h */; settings = {ATTRIBUTES = (Public, ); }; };
		7FC8042611EC721E00851062 /* xmlHelper.h in Headers */ = {isa = PBXBuildFile; fileRef = 7FC8041D11EC721E00851062 /* xmlHelper.h */; settings = {ATTRIBUTES = (Public, ); }; };
		7FC8043411EC725B00851062 /* Dataset.cpp in Sources */ = {isa = PBXBuildFile; fileRef = 7FC8042A11EC725B00851062 /* Dataset.cpp */; };
		7FC8043511EC725B00851062 /* Exception.cpp in Sources */ = {isa = PBXBuildFile; fileRef = 7FC8042B11EC725B00851062 /* Exception.cpp */; };
		7FC8043911EC725B00851062 /* Util.cpp in Sources */ = {isa = PBXBuildFile; fileRef = 7FC8042F11EC725B00851062 /* Util.cpp */; };
		7FC8043A11EC725B00851062 /* xmlHelper.cpp in Sources */ = {isa = PBXBuildFile; fileRef = 7FC8043011EC725B00851062 /* xmlHelper.cpp */; };
		7FC8044211EC727100851062 /* Util.h in Headers */ = {isa = PBXBuildFile; fileRef = 7FC8043F11EC727100851062 /* Util.h */; settings = {ATTRIBUTES = (Private, ); }; };
		7FC8045E11EC739000851062 /* april.framework in Frameworks */ = {isa = PBXBuildFile; fileRef = 7FC8045D11EC739000851062 /* april.framework */; };
		7FC8046011EC739900851062 /* gtypes.framework in Frameworks */ = {isa = PBXBuildFile; fileRef = 7FC8045F11EC739900851062 /* gtypes.framework */; };
		7FC8046211EC739900851062 /* hltypes.framework in Frameworks */ = {isa = PBXBuildFile; fileRef = 7FC8046111EC739900851062 /* hltypes.framework */; };
		7FC8046411EC73B000851062 /* atres.framework in Frameworks */ = {isa = PBXBuildFile; fileRef = 7FC8046311EC73B000851062 /* atres.framework */; };
		7FC8049511EC76F100851062 /* libxml2.dylib in Frameworks */ = {isa = PBXBuildFile; fileRef = 7FC8049411EC76F100851062 /* libxml2.dylib */; };
		7FCD397112018C7B00608217 /* CallbackEvent.h in Headers */ = {isa = PBXBuildFile; fileRef = 7FCD395E12018C7B00608217 /* CallbackEvent.h */; settings = {ATTRIBUTES = (Public, ); }; };
		7FCD397712018C7B00608217 /* Event.h in Headers */ = {isa = PBXBuildFile; fileRef = 7FCD396412018C7B00608217 /* Event.h */; settings = {ATTRIBUTES = (Public, ); }; };
		7FCD397812018C7B00608217 /* EventArgs.h in Headers */ = {isa = PBXBuildFile; fileRef = 7FCD396512018C7B00608217 /* EventArgs.h */; settings = {ATTRIBUTES = (Public, ); }; };
		7FDAF2F1131CF15A006CBC59 /* AnimatorScalerX.h in Headers */ = {isa = PBXBuildFile; fileRef = 7FDAF2EF131CF15A006CBC59 /* AnimatorScalerX.h */; settings = {ATTRIBUTES = (Public, ); }; };
		7FDAF2F2131CF15A006CBC59 /* AnimatorScalerY.h in Headers */ = {isa = PBXBuildFile; fileRef = 7FDAF2F0131CF15A006CBC59 /* AnimatorScalerY.h */; settings = {ATTRIBUTES = (Public, ); }; };
		7FDAF2F5131CF169006CBC59 /* AnimatorScalerX.cpp in Sources */ = {isa = PBXBuildFile; fileRef = 7FDAF2F3131CF169006CBC59 /* AnimatorScalerX.cpp */; };
		7FDAF2F6131CF169006CBC59 /* AnimatorScalerY.cpp in Sources */ = {isa = PBXBuildFile; fileRef = 7FDAF2F4131CF169006CBC59 /* AnimatorScalerY.cpp */; };
		7FDB989A131BA90C0064B968 /* AnimatorResizerX.h in Headers */ = {isa = PBXBuildFile; fileRef = 7FDB9896131BA90C0064B968 /* AnimatorResizerX.h */; settings = {ATTRIBUTES = (Public, ); }; };
		7FDB989B131BA90C0064B968 /* AnimatorResizerY.h in Headers */ = {isa = PBXBuildFile; fileRef = 7FDB9897131BA90C0064B968 /* AnimatorResizerY.h */; settings = {ATTRIBUTES = (Public, ); }; };
		7FDB989C131BA90C0064B968 /* EventUtils.h in Headers */ = {isa = PBXBuildFile; fileRef = 7FDB9898131BA90C0064B968 /* EventUtils.h */; settings = {ATTRIBUTES = (Public, ); }; };
		7FDB989D131BA90C0064B968 /* MemberCallbackEvent.h in Headers */ = {isa = PBXBuildFile; fileRef = 7FDB9899131BA90C0064B968 /* MemberCallbackEvent.h */; settings = {ATTRIBUTES = (Public, ); }; };
		7FDB98A0131BA9240064B968 /* AnimatorResizerX.cpp in Sources */ = {isa = PBXBuildFile; fileRef = 7FDB989E131BA9240064B968 /* AnimatorResizerX.cpp */; };
		7FDB98A1131BA9240064B968 /* AnimatorResizerY.cpp in Sources */ = {isa = PBXBuildFile; fileRef = 7FDB989F131BA9240064B968 /* AnimatorResizerY.cpp */; };
		7FDB98A3131BA9320064B968 /* MemberCallbackEvent.cpp in Sources */ = {isa = PBXBuildFile; fileRef = 7FDB98A2131BA9320064B968 /* MemberCallbackEvent.cpp */; };
		7FF4F1D012017ACA00F0BBB7 /* CallbackEvent.cpp in Sources */ = {isa = PBXBuildFile; fileRef = 7FF4F1BF12017ACA00F0BBB7 /* CallbackEvent.cpp */; };
/* End PBXBuildFile section */

/* Begin PBXFileReference section */
		7F1B523E12E4716B00E958D8 /* ObjectContainer.cpp */ = {isa = PBXFileReference; fileEncoding = 4; lastKnownFileType = sourcecode.cpp.cpp; path = ObjectContainer.cpp; sourceTree = "<group>"; };
		7F1B524112E4717500E958D8 /* AnimatorBlueChanger.cpp */ = {isa = PBXFileReference; fileEncoding = 4; lastKnownFileType = sourcecode.cpp.cpp; path = AnimatorBlueChanger.cpp; sourceTree = "<group>"; };
		7F1B524212E4717500E958D8 /* AnimatorGreenChanger.cpp */ = {isa = PBXFileReference; fileEncoding = 4; lastKnownFileType = sourcecode.cpp.cpp; path = AnimatorGreenChanger.cpp; sourceTree = "<group>"; };
		7F1B524312E4717500E958D8 /* AnimatorRedChanger.cpp */ = {isa = PBXFileReference; fileEncoding = 4; lastKnownFileType = sourcecode.cpp.cpp; path = AnimatorRedChanger.cpp; sourceTree = "<group>"; };
		7F1B524712E4719E00E958D8 /* aprilui.cpp */ = {isa = PBXFileReference; fileEncoding = 4; lastKnownFileType = sourcecode.cpp.cpp; name = aprilui.cpp; path = src/aprilui.cpp; sourceTree = "<group>"; };
		7F1B524912E471B800E958D8 /* apriluiExport.h */ = {isa = PBXFileReference; fileEncoding = 4; lastKnownFileType = sourcecode.c.h; name = apriluiExport.h; path = include/aprilui/apriluiExport.h; sourceTree = "<group>"; };
		7F1B524A12E471B800E958D8 /* AnimatorBlueChanger.h */ = {isa = PBXFileReference; fileEncoding = 4; lastKnownFileType = sourcecode.c.h; name = AnimatorBlueChanger.h; path = include/aprilui/AnimatorBlueChanger.h; sourceTree = "<group>"; };
		7F1B524B12E471B800E958D8 /* AnimatorGreenChanger.h */ = {isa = PBXFileReference; fileEncoding = 4; lastKnownFileType = sourcecode.c.h; name = AnimatorGreenChanger.h; path = include/aprilui/AnimatorGreenChanger.h; sourceTree = "<group>"; };
		7F1B524C12E471B800E958D8 /* AnimatorRedChanger.h */ = {isa = PBXFileReference; fileEncoding = 4; lastKnownFileType = sourcecode.c.h; name = AnimatorRedChanger.h; path = include/aprilui/AnimatorRedChanger.h; sourceTree = "<group>"; };
		7F1B524D12E471B800E958D8 /* aprilui.h */ = {isa = PBXFileReference; fileEncoding = 4; lastKnownFileType = sourcecode.c.h; name = aprilui.h; path = include/aprilui/aprilui.h; sourceTree = "<group>"; };
		7F1B524E12E471B800E958D8 /* ObjectContainer.h */ = {isa = PBXFileReference; fileEncoding = 4; lastKnownFileType = sourcecode.c.h; name = ObjectContainer.h; path = include/aprilui/ObjectContainer.h; sourceTree = "<group>"; };
		7F33B1FF120FE16F004B5E89 /* Animator.cpp */ = {isa = PBXFileReference; fileEncoding = 4; lastKnownFileType = sourcecode.cpp.cpp; path = Animator.cpp; sourceTree = "<group>"; };
		7F33B207120FE2D5004B5E89 /* Animator.h */ = {isa = PBXFileReference; fileEncoding = 4; lastKnownFileType = sourcecode.c.h; name = Animator.h; path = include/aprilui/Animator.h; sourceTree = "<group>"; };
		7F38C68B12096793002B5134 /* AnimatorFrameAnimation.h */ = {isa = PBXFileReference; fileEncoding = 4; lastKnownFileType = sourcecode.c.h; name = AnimatorFrameAnimation.h; path = include/aprilui/AnimatorFrameAnimation.h; sourceTree = "<group>"; };
		7F38C68D12096793002B5134 /* AnimatorRotator.h */ = {isa = PBXFileReference; fileEncoding = 4; lastKnownFileType = sourcecode.c.h; name = AnimatorRotator.h; path = include/aprilui/AnimatorRotator.h; sourceTree = "<group>"; };
		7F38C68F12096793002B5134 /* ObjectCallbackObject.h */ = {isa = PBXFileReference; fileEncoding = 4; lastKnownFileType = sourcecode.c.h; name = ObjectCallbackObject.h; path = include/aprilui/ObjectCallbackObject.h; sourceTree = "<group>"; };
		7F38C69112096793002B5134 /* ObjectColoredQuad.h */ = {isa = PBXFileReference; fileEncoding = 4; lastKnownFileType = sourcecode.c.h; name = ObjectColoredQuad.h; path = include/aprilui/ObjectColoredQuad.h; sourceTree = "<group>"; };
		7F38C69312096793002B5134 /* ObjectEditBox.h */ = {isa = PBXFileReference; fileEncoding = 4; lastKnownFileType = sourcecode.c.h; name = ObjectEditBox.h; path = include/aprilui/ObjectEditBox.h; sourceTree = "<group>"; };
		7F38C69412096793002B5134 /* ObjectImageBox.h */ = {isa = PBXFileReference; fileEncoding = 4; lastKnownFileType = sourcecode.c.h; name = ObjectImageBox.h; path = include/aprilui/ObjectImageBox.h; sourceTree = "<group>"; };
		7F38C69512096793002B5134 /* ObjectImageButton.h */ = {isa = PBXFileReference; fileEncoding = 4; lastKnownFileType = sourcecode.c.h; name = ObjectImageButton.h; path = include/aprilui/ObjectImageButton.h; sourceTree = "<group>"; };
		7F38C69612096793002B5134 /* ObjectLabel.h */ = {isa = PBXFileReference; fileEncoding = 4; lastKnownFileType = sourcecode.c.h; name = ObjectLabel.h; path = include/aprilui/ObjectLabel.h; sourceTree = "<group>"; };
		7F38C69712096793002B5134 /* ObjectLabelBase.h */ = {isa = PBXFileReference; fileEncoding = 4; lastKnownFileType = sourcecode.c.h; name = ObjectLabelBase.h; path = include/aprilui/ObjectLabelBase.h; sourceTree = "<group>"; };
		7F38C69B12096793002B5134 /* ObjectSlider.h */ = {isa = PBXFileReference; fileEncoding = 4; lastKnownFileType = sourcecode.c.h; name = ObjectSlider.h; path = include/aprilui/ObjectSlider.h; sourceTree = "<group>"; };
		7F38C69C12096793002B5134 /* ObjectTextButton.h */ = {isa = PBXFileReference; fileEncoding = 4; lastKnownFileType = sourcecode.c.h; name = ObjectTextButton.h; path = include/aprilui/ObjectTextButton.h; sourceTree = "<group>"; };
		7F38C69D12096793002B5134 /* ObjectTextImageButton.h */ = {isa = PBXFileReference; fileEncoding = 4; lastKnownFileType = sourcecode.c.h; name = ObjectTextImageButton.h; path = include/aprilui/ObjectTextImageButton.h; sourceTree = "<group>"; };
		7F38C69E12096793002B5134 /* ObjectToggleButton.h */ = {isa = PBXFileReference; fileEncoding = 4; lastKnownFileType = sourcecode.c.h; name = ObjectToggleButton.h; path = include/aprilui/ObjectToggleButton.h; sourceTree = "<group>"; };
		7F38C6B9120967B9002B5134 /* ObjectCallbackObject.cpp */ = {isa = PBXFileReference; fileEncoding = 4; lastKnownFileType = sourcecode.cpp.cpp; path = ObjectCallbackObject.cpp; sourceTree = "<group>"; };
		7F38C6BB120967B9002B5134 /* ObjectColoredQuad.cpp */ = {isa = PBXFileReference; fileEncoding = 4; lastKnownFileType = sourcecode.cpp.cpp; path = ObjectColoredQuad.cpp; sourceTree = "<group>"; };
		7F38C6BD120967B9002B5134 /* ObjectEditBox.cpp */ = {isa = PBXFileReference; fileEncoding = 4; lastKnownFileType = sourcecode.cpp.cpp; path = ObjectEditBox.cpp; sourceTree = "<group>"; };
		7F38C6BE120967B9002B5134 /* ObjectImageBox.cpp */ = {isa = PBXFileReference; fileEncoding = 4; lastKnownFileType = sourcecode.cpp.cpp; path = ObjectImageBox.cpp; sourceTree = "<group>"; };
		7F38C6BF120967B9002B5134 /* ObjectImageButton.cpp */ = {isa = PBXFileReference; fileEncoding = 4; lastKnownFileType = sourcecode.cpp.cpp; path = ObjectImageButton.cpp; sourceTree = "<group>"; };
		7F38C6C0120967B9002B5134 /* ObjectLabel.cpp */ = {isa = PBXFileReference; fileEncoding = 4; lastKnownFileType = sourcecode.cpp.cpp; path = ObjectLabel.cpp; sourceTree = "<group>"; };
		7F38C6C1120967B9002B5134 /* ObjectLabelBase.cpp */ = {isa = PBXFileReference; fileEncoding = 4; lastKnownFileType = sourcecode.cpp.cpp; path = ObjectLabelBase.cpp; sourceTree = "<group>"; };
		7F38C6C5120967B9002B5134 /* ObjectSlider.cpp */ = {isa = PBXFileReference; fileEncoding = 4; lastKnownFileType = sourcecode.cpp.cpp; path = ObjectSlider.cpp; sourceTree = "<group>"; };
		7F38C6C6120967B9002B5134 /* ObjectTextButton.cpp */ = {isa = PBXFileReference; fileEncoding = 4; lastKnownFileType = sourcecode.cpp.cpp; path = ObjectTextButton.cpp; sourceTree = "<group>"; };
		7F38C6C7120967B9002B5134 /* ObjectTextImageButton.cpp */ = {isa = PBXFileReference; fileEncoding = 4; lastKnownFileType = sourcecode.cpp.cpp; path = ObjectTextImageButton.cpp; sourceTree = "<group>"; };
		7F38C6C8120967B9002B5134 /* ObjectToggleButton.cpp */ = {isa = PBXFileReference; fileEncoding = 4; lastKnownFileType = sourcecode.cpp.cpp; path = ObjectToggleButton.cpp; sourceTree = "<group>"; };
		7F38C71E120967CC002B5134 /* AnimatorFrameAnimation.cpp */ = {isa = PBXFileReference; fileEncoding = 4; lastKnownFileType = sourcecode.cpp.cpp; path = AnimatorFrameAnimation.cpp; sourceTree = "<group>"; };
		7F38C720120967CC002B5134 /* AnimatorRotator.cpp */ = {isa = PBXFileReference; fileEncoding = 4; lastKnownFileType = sourcecode.cpp.cpp; path = AnimatorRotator.cpp; sourceTree = "<group>"; };
		7F7A4A8E129D217700E0ED12 /* TiledImage.h */ = {isa = PBXFileReference; fileEncoding = 4; lastKnownFileType = sourcecode.c.h; name = TiledImage.h; path = include/aprilui/TiledImage.h; sourceTree = "<group>"; };
		7F7A4A8F129D217700E0ED12 /* NullImage.h */ = {isa = PBXFileReference; fileEncoding = 4; lastKnownFileType = sourcecode.c.h; name = NullImage.h; path = include/aprilui/NullImage.h; sourceTree = "<group>"; };
		7F7A4A90129D217700E0ED12 /* Images.h */ = {isa = PBXFileReference; fileEncoding = 4; lastKnownFileType = sourcecode.c.h; name = Images.h; path = include/aprilui/Images.h; sourceTree = "<group>"; };
		7F7A4A91129D217700E0ED12 /* CompositeImage.h */ = {isa = PBXFileReference; fileEncoding = 4; lastKnownFileType = sourcecode.c.h; name = CompositeImage.h; path = include/aprilui/CompositeImage.h; sourceTree = "<group>"; };
		7F7A4A92129D217700E0ED12 /* ColorImage.h */ = {isa = PBXFileReference; fileEncoding = 4; lastKnownFileType = sourcecode.c.h; name = ColorImage.h; path = include/aprilui/ColorImage.h; sourceTree = "<group>"; };
		7F7A4A93129D217700E0ED12 /* ColoredImage.h */ = {isa = PBXFileReference; fileEncoding = 4; lastKnownFileType = sourcecode.c.h; name = ColoredImage.h; path = include/aprilui/ColoredImage.h; sourceTree = "<group>"; };
		7F7A4A9F129D21A300E0ED12 /* ColoredImage.cpp */ = {isa = PBXFileReference; fileEncoding = 4; lastKnownFileType = sourcecode.cpp.cpp; path = ColoredImage.cpp; sourceTree = "<group>"; };
		7F7A4AA0129D21A300E0ED12 /* ColorImage.cpp */ = {isa = PBXFileReference; fileEncoding = 4; lastKnownFileType = sourcecode.cpp.cpp; path = ColorImage.cpp; sourceTree = "<group>"; };
		7F7A4AA1129D21A300E0ED12 /* CompositeImage.cpp */ = {isa = PBXFileReference; fileEncoding = 4; lastKnownFileType = sourcecode.cpp.cpp; path = CompositeImage.cpp; sourceTree = "<group>"; };
		7F7A4AA2129D21A300E0ED12 /* Image.cpp */ = {isa = PBXFileReference; fileEncoding = 4; lastKnownFileType = sourcecode.cpp.cpp; path = Image.cpp; sourceTree = "<group>"; };
		7F7A4AA3129D21A300E0ED12 /* NullImage.cpp */ = {isa = PBXFileReference; fileEncoding = 4; lastKnownFileType = sourcecode.cpp.cpp; path = NullImage.cpp; sourceTree = "<group>"; };
		7F7A4AA4129D21A300E0ED12 /* TiledImage.cpp */ = {isa = PBXFileReference; fileEncoding = 4; lastKnownFileType = sourcecode.cpp.cpp; path = TiledImage.cpp; sourceTree = "<group>"; };
		7F7A4AAB129D21BD00E0ED12 /* EventArgs.cpp */ = {isa = PBXFileReference; fileEncoding = 4; lastKnownFileType = sourcecode.cpp.cpp; name = EventArgs.cpp; path = src/EventArgs.cpp; sourceTree = "<group>"; };
		7FA3012D12B647A000F71E5E /* AnimatorAlphaChanger.cpp */ = {isa = PBXFileReference; fileEncoding = 4; lastKnownFileType = sourcecode.cpp.cpp; path = AnimatorAlphaChanger.cpp; sourceTree = "<group>"; };
		7FA3012F12B647A000F71E5E /* AnimatorMoverX.cpp */ = {isa = PBXFileReference; fileEncoding = 4; lastKnownFileType = sourcecode.cpp.cpp; path = AnimatorMoverX.cpp; sourceTree = "<group>"; };
		7FA3013012B647A000F71E5E /* AnimatorMoverY.cpp */ = {isa = PBXFileReference; fileEncoding = 4; lastKnownFileType = sourcecode.cpp.cpp; path = AnimatorMoverY.cpp; sourceTree = "<group>"; };
		7FA3013912B647AF00F71E5E /* ObjectButtonBase.cpp */ = {isa = PBXFileReference; fileEncoding = 4; lastKnownFileType = sourcecode.cpp.cpp; path = ObjectButtonBase.cpp; sourceTree = "<group>"; };
		7FA3013F12B647E200F71E5E /* AnimatorAlphaChanger.h */ = {isa = PBXFileReference; fileEncoding = 4; lastKnownFileType = sourcecode.c.h; name = AnimatorAlphaChanger.h; path = include/aprilui/AnimatorAlphaChanger.h; sourceTree = "<group>"; };
		7FA3014112B647E200F71E5E /* AnimatorMoverX.h */ = {isa = PBXFileReference; fileEncoding = 4; lastKnownFileType = sourcecode.c.h; name = AnimatorMoverX.h; path = include/aprilui/AnimatorMoverX.h; sourceTree = "<group>"; };
		7FA3014212B647E200F71E5E /* AnimatorMoverY.h */ = {isa = PBXFileReference; fileEncoding = 4; lastKnownFileType = sourcecode.c.h; name = AnimatorMoverY.h; path = include/aprilui/AnimatorMoverY.h; sourceTree = "<group>"; };
		7FA3014512B647E200F71E5E /* ObjectButtonBase.h */ = {isa = PBXFileReference; fileEncoding = 4; lastKnownFileType = sourcecode.c.h; name = ObjectButtonBase.h; path = include/aprilui/ObjectButtonBase.h; sourceTree = "<group>"; };
		7FB0C7AE120AE107005EA739 /* Object.cpp */ = {isa = PBXFileReference; fileEncoding = 4; lastKnownFileType = sourcecode.cpp.cpp; path = Object.cpp; sourceTree = "<group>"; };
		7FB0C7B0120AE117005EA739 /* Object.h */ = {isa = PBXFileReference; fileEncoding = 4; lastKnownFileType = sourcecode.c.h; name = Object.h; path = include/aprilui/Object.h; sourceTree = "<group>"; };
		7FC8041511EC721E00851062 /* Animators.h */ = {isa = PBXFileReference; fileEncoding = 4; lastKnownFileType = sourcecode.c.h; name = Animators.h; path = include/aprilui/Animators.h; sourceTree = "<group>"; };
		7FC8041811EC721E00851062 /* Dataset.h */ = {isa = PBXFileReference; fileEncoding = 4; lastKnownFileType = sourcecode.c.h; name = Dataset.h; path = include/aprilui/Dataset.h; sourceTree = "<group>"; };
		7FC8041911EC721E00851062 /* Exception.h */ = {isa = PBXFileReference; fileEncoding = 4; lastKnownFileType = sourcecode.c.h; name = Exception.h; path = include/aprilui/Exception.h; sourceTree = "<group>"; };
		7FC8041A11EC721E00851062 /* Image.h */ = {isa = PBXFileReference; fileEncoding = 4; lastKnownFileType = sourcecode.c.h; name = Image.h; path = include/aprilui/Image.h; sourceTree = "<group>"; };
		7FC8041B11EC721E00851062 /* Objects.h */ = {isa = PBXFileReference; fileEncoding = 4; lastKnownFileType = sourcecode.c.h; name = Objects.h; path = include/aprilui/Objects.h; sourceTree = "<group>"; };
		7FC8041D11EC721E00851062 /* xmlHelper.h */ = {isa = PBXFileReference; fileEncoding = 4; lastKnownFileType = sourcecode.c.h; name = xmlHelper.h; path = include/aprilui/xmlHelper.h; sourceTree = "<group>"; };
		7FC8042A11EC725B00851062 /* Dataset.cpp */ = {isa = PBXFileReference; fileEncoding = 4; lastKnownFileType = sourcecode.cpp.cpp; name = Dataset.cpp; path = src/Dataset.cpp; sourceTree = "<group>"; };
		7FC8042B11EC725B00851062 /* Exception.cpp */ = {isa = PBXFileReference; fileEncoding = 4; lastKnownFileType = sourcecode.cpp.cpp; name = Exception.cpp; path = src/Exception.cpp; sourceTree = "<group>"; };
		7FC8042F11EC725B00851062 /* Util.cpp */ = {isa = PBXFileReference; fileEncoding = 4; lastKnownFileType = sourcecode.cpp.cpp; name = Util.cpp; path = src/Util.cpp; sourceTree = "<group>"; };
		7FC8043011EC725B00851062 /* xmlHelper.cpp */ = {isa = PBXFileReference; fileEncoding = 4; lastKnownFileType = sourcecode.cpp.cpp; name = xmlHelper.cpp; path = src/xmlHelper.cpp; sourceTree = "<group>"; };
		7FC8043F11EC727100851062 /* Util.h */ = {isa = PBXFileReference; fileEncoding = 4; lastKnownFileType = sourcecode.c.h; name = Util.h; path = src/Util.h; sourceTree = "<group>"; };
		7FC8045D11EC739000851062 /* april.framework */ = {isa = PBXFileReference; lastKnownFileType = wrapper.framework; name = april.framework; path = Library/Frameworks/april.framework; sourceTree = SDKROOT; };
		7FC8045F11EC739900851062 /* gtypes.framework */ = {isa = PBXFileReference; lastKnownFileType = wrapper.framework; name = gtypes.framework; path = Library/Frameworks/gtypes.framework; sourceTree = SDKROOT; };
		7FC8046111EC739900851062 /* hltypes.framework */ = {isa = PBXFileReference; lastKnownFileType = wrapper.framework; name = hltypes.framework; path = Library/Frameworks/hltypes.framework; sourceTree = SDKROOT; };
		7FC8046311EC73B000851062 /* atres.framework */ = {isa = PBXFileReference; lastKnownFileType = wrapper.framework; name = atres.framework; path = Library/Frameworks/atres.framework; sourceTree = SDKROOT; };
		7FC8049411EC76F100851062 /* libxml2.dylib */ = {isa = PBXFileReference; lastKnownFileType = "compiled.mach-o.dylib"; name = libxml2.dylib; path = usr/lib/libxml2.dylib; sourceTree = SDKROOT; };
		7FCD395E12018C7B00608217 /* CallbackEvent.h */ = {isa = PBXFileReference; fileEncoding = 4; lastKnownFileType = sourcecode.c.h; name = CallbackEvent.h; path = include/aprilui/CallbackEvent.h; sourceTree = "<group>"; };
		7FCD396412018C7B00608217 /* Event.h */ = {isa = PBXFileReference; fileEncoding = 4; lastKnownFileType = sourcecode.c.h; name = Event.h; path = include/aprilui/Event.h; sourceTree = "<group>"; };
		7FCD396512018C7B00608217 /* EventArgs.h */ = {isa = PBXFileReference; fileEncoding = 4; lastKnownFileType = sourcecode.c.h; name = EventArgs.h; path = include/aprilui/EventArgs.h; sourceTree = "<group>"; };
		7FDAF2EF131CF15A006CBC59 /* AnimatorScalerX.h */ = {isa = PBXFileReference; fileEncoding = 4; lastKnownFileType = sourcecode.c.h; name = AnimatorScalerX.h; path = include/aprilui/AnimatorScalerX.h; sourceTree = "<group>"; };
		7FDAF2F0131CF15A006CBC59 /* AnimatorScalerY.h */ = {isa = PBXFileReference; fileEncoding = 4; lastKnownFileType = sourcecode.c.h; name = AnimatorScalerY.h; path = include/aprilui/AnimatorScalerY.h; sourceTree = "<group>"; };
		7FDAF2F3131CF169006CBC59 /* AnimatorScalerX.cpp */ = {isa = PBXFileReference; fileEncoding = 4; lastKnownFileType = sourcecode.cpp.cpp; path = AnimatorScalerX.cpp; sourceTree = "<group>"; };
		7FDAF2F4131CF169006CBC59 /* AnimatorScalerY.cpp */ = {isa = PBXFileReference; fileEncoding = 4; lastKnownFileType = sourcecode.cpp.cpp; path = AnimatorScalerY.cpp; sourceTree = "<group>"; };
		7FDB9896131BA90C0064B968 /* AnimatorResizerX.h */ = {isa = PBXFileReference; fileEncoding = 4; lastKnownFileType = sourcecode.c.h; name = AnimatorResizerX.h; path = include/aprilui/AnimatorResizerX.h; sourceTree = "<group>"; };
		7FDB9897131BA90C0064B968 /* AnimatorResizerY.h */ = {isa = PBXFileReference; fileEncoding = 4; lastKnownFileType = sourcecode.c.h; name = AnimatorResizerY.h; path = include/aprilui/AnimatorResizerY.h; sourceTree = "<group>"; };
		7FDB9898131BA90C0064B968 /* EventUtils.h */ = {isa = PBXFileReference; fileEncoding = 4; lastKnownFileType = sourcecode.c.h; name = EventUtils.h; path = include/aprilui/EventUtils.h; sourceTree = "<group>"; };
		7FDB9899131BA90C0064B968 /* MemberCallbackEvent.h */ = {isa = PBXFileReference; fileEncoding = 4; lastKnownFileType = sourcecode.c.h; name = MemberCallbackEvent.h; path = include/aprilui/MemberCallbackEvent.h; sourceTree = "<group>"; };
		7FDB989E131BA9240064B968 /* AnimatorResizerX.cpp */ = {isa = PBXFileReference; fileEncoding = 4; lastKnownFileType = sourcecode.cpp.cpp; path = AnimatorResizerX.cpp; sourceTree = "<group>"; };
		7FDB989F131BA9240064B968 /* AnimatorResizerY.cpp */ = {isa = PBXFileReference; fileEncoding = 4; lastKnownFileType = sourcecode.cpp.cpp; path = AnimatorResizerY.cpp; sourceTree = "<group>"; };
		7FDB98A2131BA9320064B968 /* MemberCallbackEvent.cpp */ = {isa = PBXFileReference; fileEncoding = 4; lastKnownFileType = sourcecode.cpp.cpp; name = MemberCallbackEvent.cpp; path = src/MemberCallbackEvent.cpp; sourceTree = "<group>"; };
		7FF4F1BF12017ACA00F0BBB7 /* CallbackEvent.cpp */ = {isa = PBXFileReference; fileEncoding = 4; lastKnownFileType = sourcecode.cpp.cpp; name = CallbackEvent.cpp; path = src/CallbackEvent.cpp; sourceTree = "<group>"; };
		8DC2EF5A0486A6940098B216 /* Info.plist */ = {isa = PBXFileReference; fileEncoding = 4; lastKnownFileType = text.plist.xml; path = Info.plist; sourceTree = "<group>"; };
		8DC2EF5B0486A6940098B216 /* aprilui.framework */ = {isa = PBXFileReference; explicitFileType = wrapper.framework; includeInIndex = 0; path = aprilui.framework; sourceTree = BUILT_PRODUCTS_DIR; };
/* End PBXFileReference section */

/* Begin PBXFrameworksBuildPhase section */
		8DC2EF560486A6940098B216 /* Frameworks */ = {
			isa = PBXFrameworksBuildPhase;
			buildActionMask = 2147483647;
			files = (
				7FC8045E11EC739000851062 /* april.framework in Frameworks */,
				7FC8046011EC739900851062 /* gtypes.framework in Frameworks */,
				7FC8046211EC739900851062 /* hltypes.framework in Frameworks */,
				7FC8046411EC73B000851062 /* atres.framework in Frameworks */,
				7FC8049511EC76F100851062 /* libxml2.dylib in Frameworks */,
			);
			runOnlyForDeploymentPostprocessing = 0;
		};
/* End PBXFrameworksBuildPhase section */

/* Begin PBXGroup section */
		034768DFFF38A50411DB9C8B /* Products */ = {
			isa = PBXGroup;
			children = (
				8DC2EF5B0486A6940098B216 /* aprilui.framework */,
			);
			name = Products;
			sourceTree = "<group>";
		};
		0867D691FE84028FC02AAC07 /* libaprilui */ = {
			isa = PBXGroup;
			children = (
				7FC8043C11EC726100851062 /* Private Includes */,
				7FC8041211EC71CF00851062 /* Includes */,
				7FC8041111EC71CC00851062 /* Sources */,
				089C1665FE841158C02AAC07 /* Resources */,
				0867D69AFE84028FC02AAC07 /* External Frameworks and Libraries */,
				034768DFFF38A50411DB9C8B /* Products */,
				7FC8049411EC76F100851062 /* libxml2.dylib */,
			);
			name = libaprilui;
			sourceTree = "<group>";
		};
		0867D69AFE84028FC02AAC07 /* External Frameworks and Libraries */ = {
			isa = PBXGroup;
			children = (
				1058C7B0FEA5585E11CA2CBB /* Linked Frameworks */,
				1058C7B2FEA5585E11CA2CBB /* Other Frameworks */,
			);
			name = "External Frameworks and Libraries";
			sourceTree = "<group>";
		};
		089C1665FE841158C02AAC07 /* Resources */ = {
			isa = PBXGroup;
			children = (
				8DC2EF5A0486A6940098B216 /* Info.plist */,
			);
			name = Resources;
			sourceTree = "<group>";
		};
		1058C7B0FEA5585E11CA2CBB /* Linked Frameworks */ = {
			isa = PBXGroup;
			children = (
				7FC8045D11EC739000851062 /* april.framework */,
				7FC8045F11EC739900851062 /* gtypes.framework */,
				7FC8046111EC739900851062 /* hltypes.framework */,
				7FC8046311EC73B000851062 /* atres.framework */,
			);
			name = "Linked Frameworks";
			sourceTree = "<group>";
		};
		1058C7B2FEA5585E11CA2CBB /* Other Frameworks */ = {
			isa = PBXGroup;
			children = (
			);
			name = "Other Frameworks";
			sourceTree = "<group>";
		};
		7F6D54811201B06200A2BDF6 /* animators */ = {
			isa = PBXGroup;
			children = (
				7FDAF2F3131CF169006CBC59 /* AnimatorScalerX.cpp */,
				7FDAF2F4131CF169006CBC59 /* AnimatorScalerY.cpp */,
				7FDB989E131BA9240064B968 /* AnimatorResizerX.cpp */,
				7FDB989F131BA9240064B968 /* AnimatorResizerY.cpp */,
				7F1B524112E4717500E958D8 /* AnimatorBlueChanger.cpp */,
				7F1B524212E4717500E958D8 /* AnimatorGreenChanger.cpp */,
				7F1B524312E4717500E958D8 /* AnimatorRedChanger.cpp */,
				7FA3012D12B647A000F71E5E /* AnimatorAlphaChanger.cpp */,
				7FA3012F12B647A000F71E5E /* AnimatorMoverX.cpp */,
				7FA3013012B647A000F71E5E /* AnimatorMoverY.cpp */,
				7F33B1FF120FE16F004B5E89 /* Animator.cpp */,
				7F38C71E120967CC002B5134 /* AnimatorFrameAnimation.cpp */,
				7F38C720120967CC002B5134 /* AnimatorRotator.cpp */,
			);
			name = animators;
			path = src/animators;
			sourceTree = "<group>";
		};
		7F6D548C1201B06200A2BDF6 /* objects */ = {
			isa = PBXGroup;
			children = (
				7F1B523E12E4716B00E958D8 /* ObjectContainer.cpp */,
				7FA3013912B647AF00F71E5E /* ObjectButtonBase.cpp */,
				7FB0C7AE120AE107005EA739 /* Object.cpp */,
				7F38C6B9120967B9002B5134 /* ObjectCallbackObject.cpp */,
				7F38C6BB120967B9002B5134 /* ObjectColoredQuad.cpp */,
				7F38C6BD120967B9002B5134 /* ObjectEditBox.cpp */,
				7F38C6BE120967B9002B5134 /* ObjectImageBox.cpp */,
				7F38C6BF120967B9002B5134 /* ObjectImageButton.cpp */,
				7F38C6C0120967B9002B5134 /* ObjectLabel.cpp */,
				7F38C6C1120967B9002B5134 /* ObjectLabelBase.cpp */,
				7F38C6C5120967B9002B5134 /* ObjectSlider.cpp */,
				7F38C6C6120967B9002B5134 /* ObjectTextButton.cpp */,
				7F38C6C7120967B9002B5134 /* ObjectTextImageButton.cpp */,
				7F38C6C8120967B9002B5134 /* ObjectToggleButton.cpp */,
			);
			name = objects;
			path = src/objects;
			sourceTree = "<group>";
		};
		7F7A4A9E129D21A300E0ED12 /* images */ = {
			isa = PBXGroup;
			children = (
				7F7A4A9F129D21A300E0ED12 /* ColoredImage.cpp */,
				7F7A4AA0129D21A300E0ED12 /* ColorImage.cpp */,
				7F7A4AA1129D21A300E0ED12 /* CompositeImage.cpp */,
				7F7A4AA2129D21A300E0ED12 /* Image.cpp */,
				7F7A4AA3129D21A300E0ED12 /* NullImage.cpp */,
				7F7A4AA4129D21A300E0ED12 /* TiledImage.cpp */,
			);
			name = images;
			path = src/images;
			sourceTree = "<group>";
		};
		7FC8041111EC71CC00851062 /* Sources */ = {
			isa = PBXGroup;
			children = (
				7FDB98A2131BA9320064B968 /* MemberCallbackEvent.cpp */,
				7F1B524712E4719E00E958D8 /* aprilui.cpp */,
				7F7A4AAB129D21BD00E0ED12 /* EventArgs.cpp */,
				7F7A4A9E129D21A300E0ED12 /* images */,
				7F6D54811201B06200A2BDF6 /* animators */,
				7F6D548C1201B06200A2BDF6 /* objects */,
				7FF4F1BF12017ACA00F0BBB7 /* CallbackEvent.cpp */,
				7FC8042A11EC725B00851062 /* Dataset.cpp */,
				7FC8042B11EC725B00851062 /* Exception.cpp */,
				7FC8042F11EC725B00851062 /* Util.cpp */,
				7FC8043011EC725B00851062 /* xmlHelper.cpp */,
			);
			name = Sources;
			sourceTree = "<group>";
		};
		7FC8041211EC71CF00851062 /* Includes */ = {
			isa = PBXGroup;
			children = (
				7FDAF2EF131CF15A006CBC59 /* AnimatorScalerX.h */,
				7FDAF2F0131CF15A006CBC59 /* AnimatorScalerY.h */,
				7FDB9896131BA90C0064B968 /* AnimatorResizerX.h */,
				7FDB9897131BA90C0064B968 /* AnimatorResizerY.h */,
				7FDB9898131BA90C0064B968 /* EventUtils.h */,
				7FDB9899131BA90C0064B968 /* MemberCallbackEvent.h */,
				7F1B524912E471B800E958D8 /* apriluiExport.h */,
				7F1B524A12E471B800E958D8 /* AnimatorBlueChanger.h */,
				7F1B524B12E471B800E958D8 /* AnimatorGreenChanger.h */,
				7F1B524C12E471B800E958D8 /* AnimatorRedChanger.h */,
				7F1B524D12E471B800E958D8 /* aprilui.h */,
				7F1B524E12E471B800E958D8 /* ObjectContainer.h */,
				7FA3013F12B647E200F71E5E /* AnimatorAlphaChanger.h */,
				7FA3014112B647E200F71E5E /* AnimatorMoverX.h */,
				7FA3014212B647E200F71E5E /* AnimatorMoverY.h */,
				7FA3014512B647E200F71E5E /* ObjectButtonBase.h */,
				7F7A4A8E129D217700E0ED12 /* TiledImage.h */,
				7F7A4A8F129D217700E0ED12 /* NullImage.h */,
				7F7A4A90129D217700E0ED12 /* Images.h */,
				7F7A4A91129D217700E0ED12 /* CompositeImage.h */,
				7F7A4A92129D217700E0ED12 /* ColorImage.h */,
				7F7A4A93129D217700E0ED12 /* ColoredImage.h */,
				7F33B207120FE2D5004B5E89 /* Animator.h */,
				7FB0C7B0120AE117005EA739 /* Object.h */,
				7F38C68B12096793002B5134 /* AnimatorFrameAnimation.h */,
				7F38C68D12096793002B5134 /* AnimatorRotator.h */,
				7F38C68F12096793002B5134 /* ObjectCallbackObject.h */,
				7F38C69112096793002B5134 /* ObjectColoredQuad.h */,
				7F38C69312096793002B5134 /* ObjectEditBox.h */,
				7F38C69412096793002B5134 /* ObjectImageBox.h */,
				7F38C69512096793002B5134 /* ObjectImageButton.h */,
				7F38C69612096793002B5134 /* ObjectLabel.h */,
				7F38C69712096793002B5134 /* ObjectLabelBase.h */,
				7F38C69B12096793002B5134 /* ObjectSlider.h */,
				7F38C69C12096793002B5134 /* ObjectTextButton.h */,
				7F38C69D12096793002B5134 /* ObjectTextImageButton.h */,
				7F38C69E12096793002B5134 /* ObjectToggleButton.h */,
				7FCD395E12018C7B00608217 /* CallbackEvent.h */,
				7FCD396412018C7B00608217 /* Event.h */,
				7FCD396512018C7B00608217 /* EventArgs.h */,
				7FC8041511EC721E00851062 /* Animators.h */,
				7FC8041811EC721E00851062 /* Dataset.h */,
				7FC8041911EC721E00851062 /* Exception.h */,
				7FC8041A11EC721E00851062 /* Image.h */,
				7FC8041B11EC721E00851062 /* Objects.h */,
				7FC8041D11EC721E00851062 /* xmlHelper.h */,
			);
			name = Includes;
			sourceTree = "<group>";
		};
		7FC8043C11EC726100851062 /* Private Includes */ = {
			isa = PBXGroup;
			children = (
				7FC8043F11EC727100851062 /* Util.h */,
			);
			name = "Private Includes";
			sourceTree = "<group>";
		};
/* End PBXGroup section */

/* Begin PBXHeadersBuildPhase section */
		8DC2EF500486A6940098B216 /* Headers */ = {
			isa = PBXHeadersBuildPhase;
			buildActionMask = 2147483647;
			files = (
				7FC8041E11EC721E00851062 /* Animators.h in Headers */,
				7FC8042111EC721E00851062 /* Dataset.h in Headers */,
				7FC8042211EC721E00851062 /* Exception.h in Headers */,
				7FC8042311EC721E00851062 /* Image.h in Headers */,
				7FC8042411EC721E00851062 /* Objects.h in Headers */,
				7FC8042611EC721E00851062 /* xmlHelper.h in Headers */,
				7FC8044211EC727100851062 /* Util.h in Headers */,
				7FCD397112018C7B00608217 /* CallbackEvent.h in Headers */,
				7FCD397712018C7B00608217 /* Event.h in Headers */,
				7FCD397812018C7B00608217 /* EventArgs.h in Headers */,
				7F38C6A512096793002B5134 /* AnimatorFrameAnimation.h in Headers */,
				7F38C6A712096793002B5134 /* AnimatorRotator.h in Headers */,
				7F38C6A912096793002B5134 /* ObjectCallbackObject.h in Headers */,
				7F38C6AB12096793002B5134 /* ObjectColoredQuad.h in Headers */,
				7F38C6AD12096793002B5134 /* ObjectEditBox.h in Headers */,
				7F38C6AE12096793002B5134 /* ObjectImageBox.h in Headers */,
				7F38C6AF12096793002B5134 /* ObjectImageButton.h in Headers */,
				7F38C6B012096793002B5134 /* ObjectLabel.h in Headers */,
				7F38C6B112096793002B5134 /* ObjectLabelBase.h in Headers */,
				7F38C6B512096793002B5134 /* ObjectSlider.h in Headers */,
				7F38C6B612096793002B5134 /* ObjectTextButton.h in Headers */,
				7F38C6B712096793002B5134 /* ObjectTextImageButton.h in Headers */,
				7F38C6B812096793002B5134 /* ObjectToggleButton.h in Headers */,
				7FB0C7B1120AE117005EA739 /* Object.h in Headers */,
				7F33B208120FE2D5004B5E89 /* Animator.h in Headers */,
				7F7A4A95129D217700E0ED12 /* TiledImage.h in Headers */,
				7F7A4A96129D217700E0ED12 /* NullImage.h in Headers */,
				7F7A4A97129D217700E0ED12 /* Images.h in Headers */,
				7F7A4A98129D217700E0ED12 /* CompositeImage.h in Headers */,
				7F7A4A99129D217700E0ED12 /* ColorImage.h in Headers */,
				7F7A4A9A129D217700E0ED12 /* ColoredImage.h in Headers */,
				7FA3014612B647E200F71E5E /* AnimatorAlphaChanger.h in Headers */,
				7FA3014812B647E200F71E5E /* AnimatorMoverX.h in Headers */,
				7FA3014912B647E200F71E5E /* AnimatorMoverY.h in Headers */,
				7FA3014C12B647E200F71E5E /* ObjectButtonBase.h in Headers */,
				7F1B524F12E471B800E958D8 /* apriluiExport.h in Headers */,
				7F1B525012E471B800E958D8 /* AnimatorBlueChanger.h in Headers */,
				7F1B525112E471B800E958D8 /* AnimatorGreenChanger.h in Headers */,
				7F1B525212E471B800E958D8 /* AnimatorRedChanger.h in Headers */,
				7F1B525312E471B800E958D8 /* aprilui.h in Headers */,
				7F1B525412E471B800E958D8 /* ObjectContainer.h in Headers */,
				7FDB989A131BA90C0064B968 /* AnimatorResizerX.h in Headers */,
				7FDB989B131BA90C0064B968 /* AnimatorResizerY.h in Headers */,
				7FDB989C131BA90C0064B968 /* EventUtils.h in Headers */,
				7FDB989D131BA90C0064B968 /* MemberCallbackEvent.h in Headers */,
				7FDAF2F1131CF15A006CBC59 /* AnimatorScalerX.h in Headers */,
				7FDAF2F2131CF15A006CBC59 /* AnimatorScalerY.h in Headers */,
			);
			runOnlyForDeploymentPostprocessing = 0;
		};
/* End PBXHeadersBuildPhase section */

/* Begin PBXNativeTarget section */
		8DC2EF4F0486A6940098B216 /* libaprilui */ = {
			isa = PBXNativeTarget;
			buildConfigurationList = 1DEB91AD08733DA50010E9CD /* Build configuration list for PBXNativeTarget "libaprilui" */;
			buildPhases = (
				8DC2EF500486A6940098B216 /* Headers */,
				8DC2EF520486A6940098B216 /* Resources */,
				8DC2EF540486A6940098B216 /* Sources */,
				8DC2EF560486A6940098B216 /* Frameworks */,
			);
			buildRules = (
			);
			dependencies = (
			);
			name = libaprilui;
			productInstallPath = "$(HOME)/Library/Frameworks";
			productName = libaprilui;
			productReference = 8DC2EF5B0486A6940098B216 /* aprilui.framework */;
			productType = "com.apple.product-type.framework";
		};
/* End PBXNativeTarget section */

/* Begin PBXProject section */
		0867D690FE84028FC02AAC07 /* Project object */ = {
			isa = PBXProject;
			buildConfigurationList = 1DEB91B108733DA50010E9CD /* Build configuration list for PBXProject "libaprilui" */;
			compatibilityVersion = "Xcode 3.1";
			developmentRegion = English;
			hasScannedForEncodings = 1;
			knownRegions = (
				English,
				Japanese,
				French,
				German,
			);
			mainGroup = 0867D691FE84028FC02AAC07 /* libaprilui */;
			productRefGroup = 034768DFFF38A50411DB9C8B /* Products */;
			projectDirPath = "";
			projectRoot = "";
			targets = (
				8DC2EF4F0486A6940098B216 /* libaprilui */,
			);
		};
/* End PBXProject section */

/* Begin PBXResourcesBuildPhase section */
		8DC2EF520486A6940098B216 /* Resources */ = {
			isa = PBXResourcesBuildPhase;
			buildActionMask = 2147483647;
			files = (
			);
			runOnlyForDeploymentPostprocessing = 0;
		};
/* End PBXResourcesBuildPhase section */

/* Begin PBXSourcesBuildPhase section */
		8DC2EF540486A6940098B216 /* Sources */ = {
			isa = PBXSourcesBuildPhase;
			buildActionMask = 2147483647;
			files = (
				7FC8043411EC725B00851062 /* Dataset.cpp in Sources */,
				7FC8043511EC725B00851062 /* Exception.cpp in Sources */,
				7FC8043911EC725B00851062 /* Util.cpp in Sources */,
				7FC8043A11EC725B00851062 /* xmlHelper.cpp in Sources */,
				7FF4F1D012017ACA00F0BBB7 /* CallbackEvent.cpp in Sources */,
				7F38C6C9120967B9002B5134 /* ObjectCallbackObject.cpp in Sources */,
				7F38C6CB120967B9002B5134 /* ObjectColoredQuad.cpp in Sources */,
				7F38C6CD120967B9002B5134 /* ObjectEditBox.cpp in Sources */,
				7F38C6CE120967B9002B5134 /* ObjectImageBox.cpp in Sources */,
				7F38C6CF120967B9002B5134 /* ObjectImageButton.cpp in Sources */,
				7F38C6D0120967B9002B5134 /* ObjectLabel.cpp in Sources */,
				7F38C6D1120967B9002B5134 /* ObjectLabelBase.cpp in Sources */,
				7F38C6D5120967B9002B5134 /* ObjectSlider.cpp in Sources */,
				7F38C6D6120967B9002B5134 /* ObjectTextButton.cpp in Sources */,
				7F38C6D7120967B9002B5134 /* ObjectTextImageButton.cpp in Sources */,
				7F38C6D8120967B9002B5134 /* ObjectToggleButton.cpp in Sources */,
				7F38C728120967CC002B5134 /* AnimatorFrameAnimation.cpp in Sources */,
				7F38C72A120967CC002B5134 /* AnimatorRotator.cpp in Sources */,
				7FB0C7AF120AE107005EA739 /* Object.cpp in Sources */,
				7F33B200120FE16F004B5E89 /* Animator.cpp in Sources */,
				7F7A4AA5129D21A300E0ED12 /* ColoredImage.cpp in Sources */,
				7F7A4AA6129D21A300E0ED12 /* ColorImage.cpp in Sources */,
				7F7A4AA7129D21A300E0ED12 /* CompositeImage.cpp in Sources */,
				7F7A4AA8129D21A300E0ED12 /* Image.cpp in Sources */,
				7F7A4AA9129D21A300E0ED12 /* NullImage.cpp in Sources */,
				7F7A4AAA129D21A300E0ED12 /* TiledImage.cpp in Sources */,
				7F7A4AAC129D21BD00E0ED12 /* EventArgs.cpp in Sources */,
				7FA3013312B647A000F71E5E /* AnimatorAlphaChanger.cpp in Sources */,
				7FA3013512B647A000F71E5E /* AnimatorMoverX.cpp in Sources */,
				7FA3013612B647A000F71E5E /* AnimatorMoverY.cpp in Sources */,
				7FA3013A12B647AF00F71E5E /* ObjectButtonBase.cpp in Sources */,
				7F1B523F12E4716B00E958D8 /* ObjectContainer.cpp in Sources */,
				7F1B524412E4717500E958D8 /* AnimatorBlueChanger.cpp in Sources */,
				7F1B524512E4717500E958D8 /* AnimatorGreenChanger.cpp in Sources */,
				7F1B524612E4717500E958D8 /* AnimatorRedChanger.cpp in Sources */,
				7F1B524812E4719E00E958D8 /* aprilui.cpp in Sources */,
				7FDB98A0131BA9240064B968 /* AnimatorResizerX.cpp in Sources */,
				7FDB98A1131BA9240064B968 /* AnimatorResizerY.cpp in Sources */,
				7FDB98A3131BA9320064B968 /* MemberCallbackEvent.cpp in Sources */,
				7FDAF2F5131CF169006CBC59 /* AnimatorScalerX.cpp in Sources */,
				7FDAF2F6131CF169006CBC59 /* AnimatorScalerY.cpp in Sources */,
			);
			runOnlyForDeploymentPostprocessing = 0;
		};
/* End PBXSourcesBuildPhase section */

/* Begin XCBuildConfiguration section */
		1DEB91AE08733DA50010E9CD /* Debug */ = {
			isa = XCBuildConfiguration;
			buildSettings = {
				ALWAYS_SEARCH_USER_PATHS = NO;
				COPY_PHASE_STRIP = NO;
				DEPLOYMENT_LOCATION = YES;
				DSTROOT = /;
				DYLIB_COMPATIBILITY_VERSION = 1;
				DYLIB_CURRENT_VERSION = 1;
				FRAMEWORK_VERSION = A;
				GCC_DYNAMIC_NO_PIC = NO;
				GCC_ENABLE_FIX_AND_CONTINUE = YES;
				GCC_MODEL_TUNING = G5;
				GCC_OPTIMIZATION_LEVEL = 0;
				INFOPLIST_FILE = Info.plist;
				LD_DYLIB_INSTALL_NAME = "@executable_path/../Frameworks/$(EXECUTABLE_PATH)";
				PRODUCT_NAME = aprilui;
				SKIP_INSTALL = NO;
				WRAPPER_EXTENSION = framework;
			};
			name = Debug;
		};
		1DEB91AF08733DA50010E9CD /* Release */ = {
			isa = XCBuildConfiguration;
			buildSettings = {
				ALWAYS_SEARCH_USER_PATHS = NO;
				DEBUG_INFORMATION_FORMAT = dwarf;
				DEPLOYMENT_LOCATION = YES;
				DSTROOT = /;
				DYLIB_COMPATIBILITY_VERSION = 1;
				DYLIB_CURRENT_VERSION = 1;
				FRAMEWORK_VERSION = A;
				GCC_MODEL_TUNING = G5;
				INFOPLIST_FILE = Info.plist;
				LD_DYLIB_INSTALL_NAME = "@executable_path/../Frameworks/$(EXECUTABLE_PATH)";
				PRODUCT_NAME = aprilui;
				SKIP_INSTALL = NO;
				WRAPPER_EXTENSION = framework;
			};
			name = Release;
		};
		1DEB91B208733DA50010E9CD /* Debug */ = {
			isa = XCBuildConfiguration;
			buildSettings = {
				ARCHS = "$(ARCHS_STANDARD_32_BIT)";
				GCC_C_LANGUAGE_STANDARD = gnu99;
				GCC_OPTIMIZATION_LEVEL = 0;
				GCC_VERSION = 4.0;
				GCC_WARN_ABOUT_RETURN_TYPE = YES;
				GCC_WARN_UNUSED_VARIABLE = YES;
				HEADER_SEARCH_PATHS = /usr/include/libxml2;
				ONLY_ACTIVE_ARCH = YES;
				PREBINDING = NO;
				SDKROOT = macosx10.4;
			};
			name = Debug;
		};
		1DEB91B308733DA50010E9CD /* Release */ = {
			isa = XCBuildConfiguration;
			buildSettings = {
				ARCHS = "$(ARCHS_STANDARD_32_BIT)";
				GCC_C_LANGUAGE_STANDARD = gnu99;
				GCC_VERSION = 4.0;
				GCC_WARN_ABOUT_RETURN_TYPE = YES;
				GCC_WARN_UNUSED_VARIABLE = YES;
				HEADER_SEARCH_PATHS = /usr/include/libxml2;
				PREBINDING = NO;
				SDKROOT = macosx10.4;
			};
			name = Release;
		};
		7FC8A8B11296C772003D3931 /* App Store */ = {
			isa = XCBuildConfiguration;
			buildSettings = {
				ARCHS = i386;
				GCC_C_LANGUAGE_STANDARD = gnu99;
				GCC_VERSION = 4.2;
				GCC_WARN_ABOUT_RETURN_TYPE = YES;
				GCC_WARN_UNUSED_VARIABLE = YES;
				HEADER_SEARCH_PATHS = /usr/include/libxml2;
				PREBINDING = NO;
				SDKROOT = macosx10.6;
			};
			name = "App Store";
		};
		7FC8A8B21296C772003D3931 /* App Store */ = {
			isa = XCBuildConfiguration;
			buildSettings = {
				ALWAYS_SEARCH_USER_PATHS = NO;
				ARCHS = i386;
				DEBUG_INFORMATION_FORMAT = dwarf;
				DEPLOYMENT_LOCATION = YES;
				DSTROOT = /;
				DYLIB_COMPATIBILITY_VERSION = 1;
				DYLIB_CURRENT_VERSION = 1;
				FRAMEWORK_VERSION = A;
				GCC_MODEL_TUNING = G5;
				INFOPLIST_FILE = Info.plist;
				LD_DYLIB_INSTALL_NAME = "@executable_path/../Frameworks/$(EXECUTABLE_PATH)";
				PRODUCT_NAME = aprilui;
				SDKROOT = macosx10.6;
				SKIP_INSTALL = NO;
				WRAPPER_EXTENSION = framework;
			};
			name = "App Store";
		};
/* End XCBuildConfiguration section */

/* Begin XCConfigurationList section */
		1DEB91AD08733DA50010E9CD /* Build configuration list for PBXNativeTarget "libaprilui" */ = {
			isa = XCConfigurationList;
			buildConfigurations = (
				1DEB91AE08733DA50010E9CD /* Debug */,
				1DEB91AF08733DA50010E9CD /* Release */,
				7FC8A8B21296C772003D3931 /* App Store */,
			);
			defaultConfigurationIsVisible = 0;
			defaultConfigurationName = Release;
		};
		1DEB91B108733DA50010E9CD /* Build configuration list for PBXProject "libaprilui" */ = {
			isa = XCConfigurationList;
			buildConfigurations = (
				1DEB91B208733DA50010E9CD /* Debug */,
				1DEB91B308733DA50010E9CD /* Release */,
				7FC8A8B11296C772003D3931 /* App Store */,
			);
			defaultConfigurationIsVisible = 0;
			defaultConfigurationName = Release;
		};
/* End XCConfigurationList section */
	};
	rootObject = 0867D690FE84028FC02AAC07 /* Project object */;
}
